
Microsoft Visual Studio Solution File, Format Version 12.00
# Visual Studio Version 16
VisualStudioVersion = 16.0.31205.134
MinimumVisualStudioVersion = 10.0.40219.1
Project("{FAE04EC0-301F-11D3-BF4B-00C04F79EFBC}") = "UserControl_Mon_FlashOrder", "UserControl_Mon_FlashOrder\UserControl_Mon_FlashOrder.csproj", "{86A564E1-9283-4AA1-9E5C-4DF4BED76971}"
EndProject
Global
	GlobalSection(SolutionConfigurationPlatforms) = preSolution
		Debug|Any CPU = Debug|Any CPU
		Release|Any CPU = Release|Any CPU
	EndGlobalSection
	GlobalSection(ProjectConfigurationPlatforms) = postSolution
		{86A564E1-9283-4AA1-9E5C-4DF4BED76971}.Debug|Any CPU.ActiveCfg = Debug|Any CPU
		{86A564E1-9283-4AA1-9E5C-4DF4BED76971}.Debug|Any CPU.Build.0 = Debug|Any CPU
		{86A564E1-9283-4AA1-9E5C-4DF4BED76971}.Release|Any CPU.ActiveCfg = Release|Any CPU
		{86A564E1-9283-4AA1-9E5C-4DF4BED76971}.Release|Any CPU.Build.0 = Release|Any CPU
	EndGlobalSection
	GlobalSection(SolutionProperties) = preSolution
		HideSolutionNode = FALSE
	EndGlobalSection
	GlobalSection(ExtensibilityGlobals) = postSolution
		SolutionGuid = {2C9B9F01-43E2-4171-8C87-F1093A029239}
	EndGlobalSection
EndGlobal
